github.com/google/shlex v0.0.0-20191202100458-e7afc7fbc510 h1:El6M4kTTCOh6aBiKaUGG7oYTSPP8MxqL4YI3kZKwcP4=
github.com/google/shlex v0.0.0-20191202100458-e7afc7fbc510/go.mod h1:pupxD2MaaD3pAXIBCelhxNneeOaAeabZDe5s4K6zSpQ=
tinygo.org/x/drivers v0.27.1-0.20240509133757-7dbca2a54349 h1:WhkDMTrOI/VQLrFg44WhvEYM/s7mPXJ+izB7HUGe964=
tinygo.org/x/drivers v0.27.1-0.20240509133757-7dbca2a54349/go.mod h1:q/mU8G/wz821p8xXqbkBACOlmZFDHXd//DnYnCW+dDQ=
tinygo.org/x/tinygl-font v0.0.0-20240406210647-1cb0a1c67ca1 h1:GedBeDdu2y1vD3drdfCVlxkOhuSEmGodYxAbG6tX+3k=
tinygo.org/x/tinygl-font v0.0.0-20240406210647-1cb0a1c67ca1/go.mod h1:9rLR9ZHhhMJRPBOAEwgQoB/hgdHKBwyfj+7rHKYpCyo=
